
Microsoft Visual Studio Solution File, Format Version 12.00
# Visual Studio Version 17
VisualStudioVersion = 17.2.32630.192
MinimumVisualStudioVersion = 10.0.40219.1
Project("{FAE04EC0-301F-11D3-BF4B-00C04F79EFBC}") = "Portfolio.Api", "Portfolio.Api\Portfolio.Api.csproj", "{0928E60B-8E00-47C6-AA83-FB9DD8255AF3}"
EndProject
Global
	GlobalSection(SolutionConfigurationPlatforms) = preSolution
		Debug|Any CPU = Debug|Any CPU
		Release|Any CPU = Release|Any CPU
	EndGlobalSection
	GlobalSection(ProjectConfigurationPlatforms) = postSolution
		{0928E60B-8E00-47C6-AA83-FB9DD8255AF3}.Debug|Any CPU.ActiveCfg = Debug|Any CPU
		{0928E60B-8E00-47C6-AA83-FB9DD8255AF3}.Debug|Any CPU.Build.0 = Debug|Any CPU
		{0928E60B-8E00-47C6-AA83-FB9DD8255AF3}.Release|Any CPU.ActiveCfg = Release|Any CPU
		{0928E60B-8E00-47C6-AA83-FB9DD8255AF3}.Release|Any CPU.Build.0 = Release|Any CPU
	EndGlobalSection
	GlobalSection(SolutionProperties) = preSolution
		HideSolutionNode = FALSE
	EndGlobalSection
	GlobalSection(ExtensibilityGlobals) = postSolution
		SolutionGuid = {1F62A93F-A8C1-49D5-83ED-BEBDD13EF8C2}
	EndGlobalSection
EndGlobal
